
Microsoft Visual Studio Solution File, Format Version 12.00
# Visual Studio 15
VisualStudioVersion = 15.0.28010.2036
MinimumVisualStudioVersion = 10.0.40219.1
Project("{FAE04EC0-301F-11D3-BF4B-00C04F79EFBC}") = "WebApplication2", "WebApplication2\WebApplication2.csproj", "{38770E4E-A31A-4EBF-8001-D44C6B376BD3}"
EndProject
Global
	GlobalSection(SolutionConfigurationPlatforms) = preSolution
		Debug|Any CPU = Debug|Any CPU
		Release|Any CPU = Release|Any CPU
	EndGlobalSection
	GlobalSection(ProjectConfigurationPlatforms) = postSolution
		{38770E4E-A31A-4EBF-8001-D44C6B376BD3}.Debug|Any CPU.ActiveCfg = Debug|Any CPU
		{38770E4E-A31A-4EBF-8001-D44C6B376BD3}.Debug|Any CPU.Build.0 = Debug|Any CPU
		{38770E4E-A31A-4EBF-8001-D44C6B376BD3}.Release|Any CPU.ActiveCfg = Release|Any CPU
		{38770E4E-A31A-4EBF-8001-D44C6B376BD3}.Release|Any CPU.Build.0 = Release|Any CPU
	EndGlobalSection
	GlobalSection(SolutionProperties) = preSolution
		HideSolutionNode = FALSE
	EndGlobalSection
	GlobalSection(ExtensibilityGlobals) = postSolution
		SolutionGuid = {308544EE-FDC6-4A1D-A423-8ABADE5AFE67}
	EndGlobalSection
EndGlobal
